Microsoft Visual Studio Solution File, Format Version 12.00
# Visual Studio Version 16
VisualStudioVersion = 16.0.28803.202
MinimumVisualStudioVersion = 15.0.26124.0
Project("{9A19103F-16F7-4668-BE54-9A1E7A4F7556}") = "DividendAlertData", "DividendAlertData\DividendAlertData.csproj", "{50DAC69C-5F7E-474C-9D6F-EE6647801B82}"
EndProject
Project("{9A19103F-16F7-4668-BE54-9A1E7A4F7556}") = "DividendAlertApi", "DividendAlertApi\DividendAlertApi.csproj", "{8CAB3FEE-EFF1-4209-83BF-0BDD221DA34D}"
EndProject
Project("{FAE04EC0-301F-11D3-BF4B-00C04F79EFBC}") = "DividendAzureFunction", "DividendAzureFunction\DividendAzureFunction.csproj", "{77D46A96-343E-4AC7-8337-FB668D3FA155}"
EndProject
Global
	GlobalSection(SolutionConfigurationPlatforms) = preSolution
		Debug|Any CPU = Debug|Any CPU
		Debug|x64 = Debug|x64
		Debug|x86 = Debug|x86
		Release|Any CPU = Release|Any CPU
		Release|x64 = Release|x64
		Release|x86 = Release|x86
	EndGlobalSection
	GlobalSection(ProjectConfigurationPlatforms) = postSolution
		{50DAC69C-5F7E-474C-9D6F-EE6647801B82}.Debug|Any CPU.ActiveCfg = Debug|Any CPU
		{50DAC69C-5F7E-474C-9D6F-EE6647801B82}.Debug|Any CPU.Build.0 = Debug|Any CPU
		{50DAC69C-5F7E-474C-9D6F-EE6647801B82}.Debug|x64.ActiveCfg = Debug|Any CPU
		{50DAC69C-5F7E-474C-9D6F-EE6647801B82}.Debug|x64.Build.0 = Debug|Any CPU
		{50DAC69C-5F7E-474C-9D6F-EE6647801B82}.Debug|x86.ActiveCfg = Debug|Any CPU
		{50DAC69C-5F7E-474C-9D6F-EE6647801B82}.Debug|x86.Build.0 = Debug|Any CPU
		{50DAC69C-5F7E-474C-9D6F-EE6647801B82}.Release|Any CPU.ActiveCfg = Release|Any CPU
		{50DAC69C-5F7E-474C-9D6F-EE6647801B82}.Release|Any CPU.Build.0 = Release|Any CPU
		{50DAC69C-5F7E-474C-9D6F-EE6647801B82}.Release|x64.ActiveCfg = Release|Any CPU
		{50DAC69C-5F7E-474C-9D6F-EE6647801B82}.Release|x64.Build.0 = Release|Any CPU
		{50DAC69C-5F7E-474C-9D6F-EE6647801B82}.Release|x86.ActiveCfg = Release|Any CPU
		{50DAC69C-5F7E-474C-9D6F-EE6647801B82}.Release|x86.Build.0 = Release|Any CPU
		{8CAB3FEE-EFF1-4209-83BF-0BDD221DA34D}.Debug|Any CPU.ActiveCfg = Debug|Any CPU
		{8CAB3FEE-EFF1-4209-83BF-0BDD221DA34D}.Debug|Any CPU.Build.0 = Debug|Any CPU
		{8CAB3FEE-EFF1-4209-83BF-0BDD221DA34D}.Debug|x64.ActiveCfg = Debug|Any CPU
		{8CAB3FEE-EFF1-4209-83BF-0BDD221DA34D}.Debug|x64.Build.0 = Debug|Any CPU
		{8CAB3FEE-EFF1-4209-83BF-0BDD221DA34D}.Debug|x86.ActiveCfg = Debug|Any CPU
		{8CAB3FEE-EFF1-4209-83BF-0BDD221DA34D}.Debug|x86.Build.0 = Debug|Any CPU
		{8CAB3FEE-EFF1-4209-83BF-0BDD221DA34D}.Release|Any CPU.ActiveCfg = Release|Any CPU
		{8CAB3FEE-EFF1-4209-83BF-0BDD221DA34D}.Release|Any CPU.Build.0 = Release|Any CPU
		{8CAB3FEE-EFF1-4209-83BF-0BDD221DA34D}.Release|x64.ActiveCfg = Release|Any CPU
		{8CAB3FEE-EFF1-4209-83BF-0BDD221DA34D}.Release|x64.Build.0 = Release|Any CPU
		{8CAB3FEE-EFF1-4209-83BF-0BDD221DA34D}.Release|x86.ActiveCfg = Release|Any CPU
		{8CAB3FEE-EFF1-4209-83BF-0BDD221DA34D}.Release|x86.Build.0 = Release|Any CPU
		{77D46A96-343E-4AC7-8337-FB668D3FA155}.Debug|Any CPU.ActiveCfg = Debug|Any CPU
		{77D46A96-343E-4AC7-8337-FB668D3FA155}.Debug|Any CPU.Build.0 = Debug|Any CPU
		{77D46A96-343E-4AC7-8337-FB668D3FA155}.Debug|x64.ActiveCfg = Debug|Any CPU
		{77D46A96-343E-4AC7-8337-FB668D3FA155}.Debug|x64.Build.0 = Debug|Any CPU
		{77D46A96-343E-4AC7-8337-FB668D3FA155}.Debug|x86.ActiveCfg = Debug|Any CPU
		{77D46A96-343E-4AC7-8337-FB668D3FA155}.Debug|x86.Build.0 = Debug|Any CPU
		{77D46A96-343E-4AC7-8337-FB668D3FA155}.Release|Any CPU.ActiveCfg = Release|Any CPU
		{77D46A96-343E-4AC7-8337-FB668D3FA155}.Release|Any CPU.Build.0 = Release|Any CPU
		{77D46A96-343E-4AC7-8337-FB668D3FA155}.Release|x64.ActiveCfg = Release|Any CPU
		{77D46A96-343E-4AC7-8337-FB668D3FA155}.Release|x64.Build.0 = Release|Any CPU
		{77D46A96-343E-4AC7-8337-FB668D3FA155}.Release|x86.ActiveCfg = Release|Any CPU
		{77D46A96-343E-4AC7-8337-FB668D3FA155}.Release|x86.Build.0 = Release|Any CPU
	EndGlobalSection
	GlobalSection(SolutionProperties) = preSolution
		HideSolutionNode = FALSE
	EndGlobalSection
	GlobalSection(ExtensibilityGlobals) = postSolution
		SolutionGuid = {1B203471-125A-42FE-AA34-22F0D4D8A017}
	EndGlobalSection
EndGlobal
