Microsoft Visual Studio Solution File, Format Version 12.00
# Visual Studio Version 16
VisualStudioVersion = 16.0.28803.202
MinimumVisualStudioVersion = 15.0.26124.0
Project("{9A19103F-16F7-4668-BE54-9A1E7A4F7556}") = "DividendAlert", "backend\DividendAlert\DividendAlert.csproj", "{E6C063FE-BDAD-410E-99A9-3D17B0A00C77}"
EndProject
Project("{9A19103F-16F7-4668-BE54-9A1E7A4F7556}") = "DividendAlertData", "DividendAlertData\DividendAlertData.csproj", "{50DAC69C-5F7E-474C-9D6F-EE6647801B82}"
EndProject
Project("{9A19103F-16F7-4668-BE54-9A1E7A4F7556}") = "DividendAzureFunction", "DividendAzureFunction\DividendAzureFunction.csproj", "{370A94DB-4792-4497-9D51-4CDA0359B4C3}"
EndProject
Global
	GlobalSection(SolutionConfigurationPlatforms) = preSolution
		Debug|Any CPU = Debug|Any CPU
		Debug|x64 = Debug|x64
		Debug|x86 = Debug|x86
		Release|Any CPU = Release|Any CPU
		Release|x64 = Release|x64
		Release|x86 = Release|x86
	EndGlobalSection
	GlobalSection(ProjectConfigurationPlatforms) = postSolution
		{E6C063FE-BDAD-410E-99A9-3D17B0A00C77}.Debug|Any CPU.ActiveCfg = Debug|Any CPU
		{E6C063FE-BDAD-410E-99A9-3D17B0A00C77}.Debug|Any CPU.Build.0 = Debug|Any CPU
		{E6C063FE-BDAD-410E-99A9-3D17B0A00C77}.Debug|x64.ActiveCfg = Debug|Any CPU
		{E6C063FE-BDAD-410E-99A9-3D17B0A00C77}.Debug|x64.Build.0 = Debug|Any CPU
		{E6C063FE-BDAD-410E-99A9-3D17B0A00C77}.Debug|x86.ActiveCfg = Debug|Any CPU
		{E6C063FE-BDAD-410E-99A9-3D17B0A00C77}.Debug|x86.Build.0 = Debug|Any CPU
		{E6C063FE-BDAD-410E-99A9-3D17B0A00C77}.Release|Any CPU.ActiveCfg = Release|Any CPU
		{E6C063FE-BDAD-410E-99A9-3D17B0A00C77}.Release|Any CPU.Build.0 = Release|Any CPU
		{E6C063FE-BDAD-410E-99A9-3D17B0A00C77}.Release|x64.ActiveCfg = Release|Any CPU
		{E6C063FE-BDAD-410E-99A9-3D17B0A00C77}.Release|x64.Build.0 = Release|Any CPU
		{E6C063FE-BDAD-410E-99A9-3D17B0A00C77}.Release|x86.ActiveCfg = Release|Any CPU
		{E6C063FE-BDAD-410E-99A9-3D17B0A00C77}.Release|x86.Build.0 = Release|Any CPU
		{50DAC69C-5F7E-474C-9D6F-EE6647801B82}.Debug|Any CPU.ActiveCfg = Debug|Any CPU
		{50DAC69C-5F7E-474C-9D6F-EE6647801B82}.Debug|Any CPU.Build.0 = Debug|Any CPU
		{50DAC69C-5F7E-474C-9D6F-EE6647801B82}.Debug|x64.ActiveCfg = Debug|Any CPU
		{50DAC69C-5F7E-474C-9D6F-EE6647801B82}.Debug|x64.Build.0 = Debug|Any CPU
		{50DAC69C-5F7E-474C-9D6F-EE6647801B82}.Debug|x86.ActiveCfg = Debug|Any CPU
		{50DAC69C-5F7E-474C-9D6F-EE6647801B82}.Debug|x86.Build.0 = Debug|Any CPU
		{50DAC69C-5F7E-474C-9D6F-EE6647801B82}.Release|Any CPU.ActiveCfg = Release|Any CPU
		{50DAC69C-5F7E-474C-9D6F-EE6647801B82}.Release|Any CPU.Build.0 = Release|Any CPU
		{50DAC69C-5F7E-474C-9D6F-EE6647801B82}.Release|x64.ActiveCfg = Release|Any CPU
		{50DAC69C-5F7E-474C-9D6F-EE6647801B82}.Release|x64.Build.0 = Release|Any CPU
		{50DAC69C-5F7E-474C-9D6F-EE6647801B82}.Release|x86.ActiveCfg = Release|Any CPU
		{50DAC69C-5F7E-474C-9D6F-EE6647801B82}.Release|x86.Build.0 = Release|Any CPU
		{370A94DB-4792-4497-9D51-4CDA0359B4C3}.Debug|Any CPU.ActiveCfg = Debug|Any CPU
		{370A94DB-4792-4497-9D51-4CDA0359B4C3}.Debug|Any CPU.Build.0 = Debug|Any CPU
		{370A94DB-4792-4497-9D51-4CDA0359B4C3}.Debug|x64.ActiveCfg = Debug|Any CPU
		{370A94DB-4792-4497-9D51-4CDA0359B4C3}.Debug|x64.Build.0 = Debug|Any CPU
		{370A94DB-4792-4497-9D51-4CDA0359B4C3}.Debug|x86.ActiveCfg = Debug|Any CPU
		{370A94DB-4792-4497-9D51-4CDA0359B4C3}.Debug|x86.Build.0 = Debug|Any CPU
		{370A94DB-4792-4497-9D51-4CDA0359B4C3}.Release|Any CPU.ActiveCfg = Release|Any CPU
		{370A94DB-4792-4497-9D51-4CDA0359B4C3}.Release|Any CPU.Build.0 = Release|Any CPU
		{370A94DB-4792-4497-9D51-4CDA0359B4C3}.Release|x64.ActiveCfg = Release|Any CPU
		{370A94DB-4792-4497-9D51-4CDA0359B4C3}.Release|x64.Build.0 = Release|Any CPU
		{370A94DB-4792-4497-9D51-4CDA0359B4C3}.Release|x86.ActiveCfg = Release|Any CPU
		{370A94DB-4792-4497-9D51-4CDA0359B4C3}.Release|x86.Build.0 = Release|Any CPU
	EndGlobalSection
	GlobalSection(SolutionProperties) = preSolution
		HideSolutionNode = FALSE
	EndGlobalSection
	GlobalSection(ExtensibilityGlobals) = postSolution
		SolutionGuid = {1B203471-125A-42FE-AA34-22F0D4D8A017}
	EndGlobalSection
EndGlobal
